
Microsoft Visual Studio Solution File, Format Version 12.00
# Visual Studio Version 17
VisualStudioVersion = 17.5.002.0
MinimumVisualStudioVersion = 10.0.40219.1
Project("{9A19103F-16F7-4668-BE54-9A1E7A4F7556}") = "CafetariaCardManagement", "CafetariaCardManagement.csproj", "{F2543405-87FF-40E0-BB62-6A18ADDFBC44}"
EndProject
Global
	GlobalSection(SolutionConfigurationPlatforms) = preSolution
		Debug|Any CPU = Debug|Any CPU
		Release|Any CPU = Release|Any CPU
	EndGlobalSection
	GlobalSection(ProjectConfigurationPlatforms) = postSolution
		{F2543405-87FF-40E0-BB62-6A18ADDFBC44}.Debug|Any CPU.ActiveCfg = Debug|Any CPU
		{F2543405-87FF-40E0-BB62-6A18ADDFBC44}.Debug|Any CPU.Build.0 = Debug|Any CPU
		{F2543405-87FF-40E0-BB62-6A18ADDFBC44}.Release|Any CPU.ActiveCfg = Release|Any CPU
		{F2543405-87FF-40E0-BB62-6A18ADDFBC44}.Release|Any CPU.Build.0 = Release|Any CPU
	EndGlobalSection
	GlobalSection(SolutionProperties) = preSolution
		HideSolutionNode = FALSE
	EndGlobalSection
	GlobalSection(ExtensibilityGlobals) = postSolution
		SolutionGuid = {3B9CDF1F-A783-413E-A848-EE03995D3CEC}
	EndGlobalSection
EndGlobal
